
Microsoft Visual Studio Solution File, Format Version 12.00
# Visual Studio 15
VisualStudioVersion = 15.0.28010.2050
MinimumVisualStudioVersion = 10.0.40219.1
Project("{9A19103F-16F7-4668-BE54-9A1E7A4F7556}") = "AlarmCenter.Connectors", "AlarmCenter.Connectors\AlarmCenter.Connectors.csproj", "{E0E6973E-CA3F-417D-9667-6615058E0BB2}"
EndProject
Project("{FAE04EC0-301F-11D3-BF4B-00C04F79EFBC}") = "AlarmCenter.OplogService", "AlarmCenter.OplogService\AlarmCenter.OplogService.csproj", "{181061FF-F2E1-4678-AB1B-1D8B9B1823BC}"
EndProject
Project("{FAE04EC0-301F-11D3-BF4B-00C04F79EFBC}") = "AlarmCenter.AlarmApi", "AlarmCenter.AlarmApi\AlarmCenter.AlarmApi.csproj", "{6B586671-D8D1-4DE1-B922-01522406A523}"
EndProject
Project("{FAE04EC0-301F-11D3-BF4B-00C04F79EFBC}") = "AlarmCenter.AlarmProcess", "AlarmCenter.AlarmProcess\AlarmCenter.AlarmProcess.csproj", "{993CC740-3E54-45C8-B4AD-BABA53A1DE27}"
EndProject
Project("{FAE04EC0-301F-11D3-BF4B-00C04F79EFBC}") = "AlarmCenter.Entity", "AlarmCenter.Entity\AlarmCenter.Entity.csproj", "{71C41AC3-D92C-4F6E-8C4C-7DEB3DED0910}"
EndProject
Global
	GlobalSection(SolutionConfigurationPlatforms) = preSolution
		Debug|Any CPU = Debug|Any CPU
		Release|Any CPU = Release|Any CPU
	EndGlobalSection
	GlobalSection(ProjectConfigurationPlatforms) = postSolution
		{E0E6973E-CA3F-417D-9667-6615058E0BB2}.Debug|Any CPU.ActiveCfg = Debug|Any CPU
		{E0E6973E-CA3F-417D-9667-6615058E0BB2}.Debug|Any CPU.Build.0 = Debug|Any CPU
		{E0E6973E-CA3F-417D-9667-6615058E0BB2}.Release|Any CPU.ActiveCfg = Release|Any CPU
		{E0E6973E-CA3F-417D-9667-6615058E0BB2}.Release|Any CPU.Build.0 = Release|Any CPU
		{181061FF-F2E1-4678-AB1B-1D8B9B1823BC}.Debug|Any CPU.ActiveCfg = Debug|Any CPU
		{181061FF-F2E1-4678-AB1B-1D8B9B1823BC}.Debug|Any CPU.Build.0 = Debug|Any CPU
		{181061FF-F2E1-4678-AB1B-1D8B9B1823BC}.Release|Any CPU.ActiveCfg = Release|Any CPU
		{181061FF-F2E1-4678-AB1B-1D8B9B1823BC}.Release|Any CPU.Build.0 = Release|Any CPU
		{6B586671-D8D1-4DE1-B922-01522406A523}.Debug|Any CPU.ActiveCfg = Debug|Any CPU
		{6B586671-D8D1-4DE1-B922-01522406A523}.Debug|Any CPU.Build.0 = Debug|Any CPU
		{6B586671-D8D1-4DE1-B922-01522406A523}.Release|Any CPU.ActiveCfg = Release|Any CPU
		{6B586671-D8D1-4DE1-B922-01522406A523}.Release|Any CPU.Build.0 = Release|Any CPU
		{993CC740-3E54-45C8-B4AD-BABA53A1DE27}.Debug|Any CPU.ActiveCfg = Debug|Any CPU
		{993CC740-3E54-45C8-B4AD-BABA53A1DE27}.Debug|Any CPU.Build.0 = Debug|Any CPU
		{993CC740-3E54-45C8-B4AD-BABA53A1DE27}.Release|Any CPU.ActiveCfg = Release|Any CPU
		{993CC740-3E54-45C8-B4AD-BABA53A1DE27}.Release|Any CPU.Build.0 = Release|Any CPU
		{71C41AC3-D92C-4F6E-8C4C-7DEB3DED0910}.Debug|Any CPU.ActiveCfg = Debug|Any CPU
		{71C41AC3-D92C-4F6E-8C4C-7DEB3DED0910}.Debug|Any CPU.Build.0 = Debug|Any CPU
		{71C41AC3-D92C-4F6E-8C4C-7DEB3DED0910}.Release|Any CPU.ActiveCfg = Release|Any CPU
		{71C41AC3-D92C-4F6E-8C4C-7DEB3DED0910}.Release|Any CPU.Build.0 = Release|Any CPU
	EndGlobalSection
	GlobalSection(SolutionProperties) = preSolution
		HideSolutionNode = FALSE
	EndGlobalSection
	GlobalSection(ExtensibilityGlobals) = postSolution
		SolutionGuid = {8F99554B-3706-445C-A26A-854F4B562E95}
	EndGlobalSection
EndGlobal
